{
  "name": "@inventory/cave-pilot-configs",
  "version": "0.1.0",
  "lockfileVersion": 3,
  "requires": true,
  "packages": {
    "": {
      "name": "@inventory/cave-pilot-configs",
      "version": "0.1.0",
      "license": "MIT",
      "dependencies": {
        "log-view-machine": "file:../../../log-view-machine"
      }
    },
    "../../../log-view-machine": {
      "name": "log-view-machine-workspace",
      "version": "2.1.1",
      "license": "MIT",
      "workspaces": [
        "log-view-machine",
        "mod",
        "mod/*",
        "packages/*"
      ]
    },
    "node_modules/log-view-machine": {
      "resolved": "../../../log-view-machine",
      "link": true
    }
  }
}
